
Microsoft Visual Studio Solution File, Format Version 12.00
# Visual Studio Version 16
VisualStudioVersion = 16.0.30907.101
MinimumVisualStudioVersion = 10.0.40219.1
Project("{9A19103F-16F7-4668-BE54-9A1E7A4F7556}") = "KampIntro", "KampIntro\KampIntro.csproj", "{BE4EDC89-4592-47A7-BD10-81954230DD45}"
EndProject
Project("{9A19103F-16F7-4668-BE54-9A1E7A4F7556}") = "Donguler", "Donguler\Donguler.csproj", "{CFF95F93-1CC2-49D8-BE87-91EB2F2C5F3E}"
EndProject
Project("{9A19103F-16F7-4668-BE54-9A1E7A4F7556}") = "ClassIntro", "ClassIntro\ClassIntro.csproj", "{BEABAF8E-AA6B-40D0-874F-B187F74AC68F}"
EndProject
Project("{9A19103F-16F7-4668-BE54-9A1E7A4F7556}") = "Metotlar", "Metotlar\Metotlar.csproj", "{35D681D6-1890-4FD7-9E86-446B3D44765F}"
EndProject
Project("{9A19103F-16F7-4668-BE54-9A1E7A4F7556}") = "Matematik", "Matematik\Matematik.csproj", "{0A43E5B2-B65C-4A90-B0FE-6963660B5E48}"
EndProject
Project("{9A19103F-16F7-4668-BE54-9A1E7A4F7556}") = "DegerVeReferansTipler", "DegerVeReferansTipler\DegerVeReferansTipler.csproj", "{79159DEC-CB3B-47E6-B4F3-66EDDDE3A8F5}"
EndProject
Project("{9A19103F-16F7-4668-BE54-9A1E7A4F7556}") = "OOP1", "OOP1\OOP1.csproj", "{F7C79EE2-807F-4F57-9ABD-6D3F3CE914C1}"
EndProject
Project("{9A19103F-16F7-4668-BE54-9A1E7A4F7556}") = "Koleksiyonlar", "Koleksiyonlar\Koleksiyonlar.csproj", "{E38DC59C-D950-4348-8BB0-6E691D4AA713}"
EndProject
Project("{9A19103F-16F7-4668-BE54-9A1E7A4F7556}") = "GenericsIntro", "GenericsIntro\GenericsIntro.csproj", "{72C5C044-190D-43FF-9E67-37C9972A9BA0}"
EndProject
Project("{FAE04EC0-301F-11D3-BF4B-00C04F79EFBC}") = "MyDictionary", "MyDictionary\MyDictionary.csproj", "{97BBB2D7-C244-4BC0-8E1D-567B76C4C761}"
EndProject
Global
	GlobalSection(SolutionConfigurationPlatforms) = preSolution
		Debug|Any CPU = Debug|Any CPU
		Release|Any CPU = Release|Any CPU
	EndGlobalSection
	GlobalSection(ProjectConfigurationPlatforms) = postSolution
		{BE4EDC89-4592-47A7-BD10-81954230DD45}.Debug|Any CPU.ActiveCfg = Debug|Any CPU
		{BE4EDC89-4592-47A7-BD10-81954230DD45}.Debug|Any CPU.Build.0 = Debug|Any CPU
		{BE4EDC89-4592-47A7-BD10-81954230DD45}.Release|Any CPU.ActiveCfg = Release|Any CPU
		{BE4EDC89-4592-47A7-BD10-81954230DD45}.Release|Any CPU.Build.0 = Release|Any CPU
		{CFF95F93-1CC2-49D8-BE87-91EB2F2C5F3E}.Debug|Any CPU.ActiveCfg = Debug|Any CPU
		{CFF95F93-1CC2-49D8-BE87-91EB2F2C5F3E}.Debug|Any CPU.Build.0 = Debug|Any CPU
		{CFF95F93-1CC2-49D8-BE87-91EB2F2C5F3E}.Release|Any CPU.ActiveCfg = Release|Any CPU
		{CFF95F93-1CC2-49D8-BE87-91EB2F2C5F3E}.Release|Any CPU.Build.0 = Release|Any CPU
		{BEABAF8E-AA6B-40D0-874F-B187F74AC68F}.Debug|Any CPU.ActiveCfg = Debug|Any CPU
		{BEABAF8E-AA6B-40D0-874F-B187F74AC68F}.Debug|Any CPU.Build.0 = Debug|Any CPU
		{BEABAF8E-AA6B-40D0-874F-B187F74AC68F}.Release|Any CPU.ActiveCfg = Release|Any CPU
		{BEABAF8E-AA6B-40D0-874F-B187F74AC68F}.Release|Any CPU.Build.0 = Release|Any CPU
		{35D681D6-1890-4FD7-9E86-446B3D44765F}.Debug|Any CPU.ActiveCfg = Debug|Any CPU
		{35D681D6-1890-4FD7-9E86-446B3D44765F}.Debug|Any CPU.Build.0 = Debug|Any CPU
		{35D681D6-1890-4FD7-9E86-446B3D44765F}.Release|Any CPU.ActiveCfg = Release|Any CPU
		{35D681D6-1890-4FD7-9E86-446B3D44765F}.Release|Any CPU.Build.0 = Release|Any CPU
		{0A43E5B2-B65C-4A90-B0FE-6963660B5E48}.Debug|Any CPU.ActiveCfg = Debug|Any CPU
		{0A43E5B2-B65C-4A90-B0FE-6963660B5E48}.Debug|Any CPU.Build.0 = Debug|Any CPU
		{0A43E5B2-B65C-4A90-B0FE-6963660B5E48}.Release|Any CPU.ActiveCfg = Release|Any CPU
		{0A43E5B2-B65C-4A90-B0FE-6963660B5E48}.Release|Any CPU.Build.0 = Release|Any CPU
		{79159DEC-CB3B-47E6-B4F3-66EDDDE3A8F5}.Debug|Any CPU.ActiveCfg = Debug|Any CPU
		{79159DEC-CB3B-47E6-B4F3-66EDDDE3A8F5}.Debug|Any CPU.Build.0 = Debug|Any CPU
		{79159DEC-CB3B-47E6-B4F3-66EDDDE3A8F5}.Release|Any CPU.ActiveCfg = Release|Any CPU
		{79159DEC-CB3B-47E6-B4F3-66EDDDE3A8F5}.Release|Any CPU.Build.0 = Release|Any CPU
		{F7C79EE2-807F-4F57-9ABD-6D3F3CE914C1}.Debug|Any CPU.ActiveCfg = Debug|Any CPU
		{F7C79EE2-807F-4F57-9ABD-6D3F3CE914C1}.Debug|Any CPU.Build.0 = Debug|Any CPU
		{F7C79EE2-807F-4F57-9ABD-6D3F3CE914C1}.Release|Any CPU.ActiveCfg = Release|Any CPU
		{F7C79EE2-807F-4F57-9ABD-6D3F3CE914C1}.Release|Any CPU.Build.0 = Release|Any CPU
		{E38DC59C-D950-4348-8BB0-6E691D4AA713}.Debug|Any CPU.ActiveCfg = Debug|Any CPU
		{E38DC59C-D950-4348-8BB0-6E691D4AA713}.Debug|Any CPU.Build.0 = Debug|Any CPU
		{E38DC59C-D950-4348-8BB0-6E691D4AA713}.Release|Any CPU.ActiveCfg = Release|Any CPU
		{E38DC59C-D950-4348-8BB0-6E691D4AA713}.Release|Any CPU.Build.0 = Release|Any CPU
		{72C5C044-190D-43FF-9E67-37C9972A9BA0}.Debug|Any CPU.ActiveCfg = Debug|Any CPU
		{72C5C044-190D-43FF-9E67-37C9972A9BA0}.Debug|Any CPU.Build.0 = Debug|Any CPU
		{72C5C044-190D-43FF-9E67-37C9972A9BA0}.Release|Any CPU.ActiveCfg = Release|Any CPU
		{72C5C044-190D-43FF-9E67-37C9972A9BA0}.Release|Any CPU.Build.0 = Release|Any CPU
		{97BBB2D7-C244-4BC0-8E1D-567B76C4C761}.Debug|Any CPU.ActiveCfg = Debug|Any CPU
		{97BBB2D7-C244-4BC0-8E1D-567B76C4C761}.Debug|Any CPU.Build.0 = Debug|Any CPU
		{97BBB2D7-C244-4BC0-8E1D-567B76C4C761}.Release|Any CPU.ActiveCfg = Release|Any CPU
		{97BBB2D7-C244-4BC0-8E1D-567B76C4C761}.Release|Any CPU.Build.0 = Release|Any CPU
	EndGlobalSection
	GlobalSection(SolutionProperties) = preSolution
		HideSolutionNode = FALSE
	EndGlobalSection
	GlobalSection(ExtensibilityGlobals) = postSolution
		SolutionGuid = {DD61C624-9AEE-49B5-A5E7-2BC9AEB6C85C}
	EndGlobalSection
EndGlobal
